schema: '2.0'
stages:
  prepare:
    cmd: python3.11 src/prepare.py data/raw data/prepared
    deps:
    - path: data/raw
      hash: md5
      md5: 6d8f0c274829764e1ea1112420825014.dir
      size: 8822930
      nfiles: 1605
    - path: src/prepare.py
      hash: md5
      md5: d4f3312976ced5ace2cdab70239d544a
      size: 2514
    - path: src/utils/seed.py
      hash: md5
      md5: 3a792a2e3aece6c04c2756bc133a5cd1
      size: 438
    params:
      params.yaml:
        prepare:
          seed: 77
          split: 0.2
          image_size:
          - 32
          - 32
          grayscale: true
    outs:
    - path: data/prepared
      hash: md5
      md5: c6cebff589cacd74cc498a67cefba6f3.dir
      size: 6619332
      nfiles: 8
  train:
    cmd: python3.11 src/train.py data/prepared model
    deps:
    - path: data/prepared
      hash: md5
      md5: c6cebff589cacd74cc498a67cefba6f3.dir
      size: 6619332
      nfiles: 8
    - path: src/train.py
      hash: md5
      md5: 7e5fb091cae511b7a2cc365cff38077e
      size: 2568
    - path: src/utils/seed.py
      hash: md5
      md5: 3a792a2e3aece6c04c2756bc133a5cd1
      size: 438
    params:
      params.yaml:
        train:
          seed: 77
          lr: 0.001
          epochs: 10
          conv_size: 64
          dense_size: 128
          output_classes: 11
    outs:
    - path: model
      hash: md5
      md5: dbd34d38d00244647d45f9d11e40404a.dir
      size: 9883070
      nfiles: 2
  evaluate:
    cmd: python3.11 src/evaluate.py model data/prepared
    deps:
    - path: model
      hash: md5
      md5: dbd34d38d00244647d45f9d11e40404a.dir
      size: 9883070
      nfiles: 2
    - path: src/evaluate.py
      hash: md5
      md5: 3ac2043eb143889a0abce9b9758bbc16
      size: 5187
    outs:
    - path: evaluation/metrics.json
      hash: md5
      md5: ef86f9828ae3a5dbba297e47f69708db
      size: 64
    - path: evaluation/plots/confusion_matrix.png
      hash: md5
      md5: 0b551b0dc0f6ef5caf6675ebafd4228f
      size: 45676
    - path: evaluation/plots/pred_preview.png
      hash: md5
      md5: fe53070d35db771ccf5254160a58e7c2
      size: 43555
    - path: evaluation/plots/training_history.png
      hash: md5
      md5: 9cb084ee0ba70f4cdb0d6348e0520d85
      size: 37152
